# This file is automatically @generated by Cargo.
# It is not intended for manual editing.
version = 3

[[package]]
name = "atomics-01-thread"
version = "0.1.0"

[[package]]
name = "ch01_rc_arc"
version = "0.1.0"

[[package]]
name = "ch01_scoped_thread"
version = "0.1.0"

[[package]]
name = "ch02_progress"
version = "0.1.0"

[[package]]
name = "ch03_mutex"
version = "0.1.0"

[[package]]
name = "ch03_out_of_thin_air_values"
version = "0.1.0"

[[package]]
name = "ch03_release_acquire_ordering"
version = "0.1.0"

[[package]]
name = "ch04_spinlock"
version = "0.1.0"
